# This file is automatically @generated by Cargo.
# It is not intended for manual editing.
version = 3

[[package]]
name = "minnal-ai"
version = "0.1.0"
dependencies = [
 "minnal-store",
]

[[package]]
name = "minnal-core"
version = "0.1.0"

[[package]]
name = "minnal-export"
version = "0.1.0"
dependencies = [
 "minnal-core",
 "minnal-store",
]

[[package]]
name = "minnal-hooks"
version = "0.1.0"
dependencies = [
 "minnal-ai",
 "minnal-core",
]

[[package]]
name = "minnal-store"
version = "0.1.0"

[[package]]
name = "minnal-ui"
version = "0.1.0"
dependencies = [
 "minnal-ai",
 "minnal-core",
 "minnal-hooks",
 "minnal-store",
]
